
Microsoft Visual Studio Solution File, Format Version 12.00
# Visual Studio Version 16
VisualStudioVersion = 16.0.34601.136
MinimumVisualStudioVersion = 10.0.40219.1
Project("{888888A0-9F3D-457C-B088-3A5042F75D52}") = "Resolution", "Resolution.pyproj", "{09FE4DDD-5FBB-4D89-88AD-837540998B52}"
EndProject
Global
	GlobalSection(SolutionConfigurationPlatforms) = preSolution
		Debug|Any CPU = Debug|Any CPU
		Release|Any CPU = Release|Any CPU
	EndGlobalSection
	GlobalSection(ProjectConfigurationPlatforms) = postSolution
		{09FE4DDD-5FBB-4D89-88AD-837540998B52}.Debug|Any CPU.ActiveCfg = Debug|Any CPU
		{09FE4DDD-5FBB-4D89-88AD-837540998B52}.Release|Any CPU.ActiveCfg = Release|Any CPU
	EndGlobalSection
	GlobalSection(SolutionProperties) = preSolution
		HideSolutionNode = FALSE
	EndGlobalSection
	GlobalSection(ExtensibilityGlobals) = postSolution
		SolutionGuid = {B2F3115A-6073-4821-926A-DA1133459CD7}
	EndGlobalSection
EndGlobal
